<?xml version="1.0" encoding="utf-8"?>
<Project ToolsVersion="4.0" xmlns="http://schemas.microsoft.com/developer/msbuild/2003">
  <ItemGroup>
    <Filter Include="Source Files">
      <UniqueIdentifier>{e3f6d080-e760-4ed9-a367-bcd99129a4fb}</UniqueIdentifier>
      <Extensions>cpp;c;cxx;rc;def;r;odl;idl;hpj;bat</Extensions>
    </Filter>
    <Filter Include="Header Files">
      <UniqueIdentifier>{62f6d23f-8cbd-46e1-a2f7-6a41e5bff368}</UniqueIdentifier>
      <Extensions>h;hpp;hxx;hm;inl</Extensions>
    </Filter>
    <Filter Include="Resource Files">
      <UniqueIdentifier>{fa31c896-6e51-416a-aee5-8977988e581c}</UniqueIdentifier>
      <Extensions>ico;cur;bmp;dlg;rc2;rct;bin;rgs;gif;jpg;jpeg;jpe</Extensions>
    </Filter>
    <Filter Include="YHLibrary">
      <UniqueIdentifier>{aff6e5a3-dfcf-4649-9688-1282b6c7e30c}</UniqueIdentifier>
    </Filter>
    <Filter Include="FTP">
      <UniqueIdentifier>{9a84a040-648d-4a6b-8d1b-680f20b41f0c}</UniqueIdentifier>
    </Filter>
    <Filter Include="Audio">
      <UniqueIdentifier>{cc44ff42-852f-469f-9c38-05ec21ef6d1e}</UniqueIdentifier>
    </Filter>
  </ItemGroup>
  <ItemGroup>
    <ClCompile Include="BGMManager.cpp">
      <Filter>Source Files</Filter>
    </ClCompile>
    <ClCompile Include="HtmlViewNotice.cpp">
      <Filter>Source Files</Filter>
    </ClCompile>
    <ClCompile Include="MHAutoPatch.cpp">
      <Filter>Source Files</Filter>
    </ClCompile>
    <ClCompile Include="MHAutoPatchDlg.cpp">
      <Filter>Source Files</Filter>
    </ClCompile>
    <ClCompile Include="SkinProgressBar.cpp">
      <Filter>Source Files</Filter>
    </ClCompile>
    <ClCompile Include="SkinStatic.cpp">
      <Filter>Source Files</Filter>
    </ClCompile>
    <ClCompile Include="StdAfx.cpp">
      <Filter>Source Files</Filter>
    </ClCompile>
    <ClCompile Include="DirectoryName.cpp">
      <Filter>YHLibrary</Filter>
    </ClCompile>
    <ClCompile Include="FileName.cpp">
      <Filter>YHLibrary</Filter>
    </ClCompile>
    <ClCompile Include="Strclass.cpp">
      <Filter>YHLibrary</Filter>
    </ClCompile>
    <ClCompile Include="YHFileFind.cpp">
      <Filter>YHLibrary</Filter>
    </ClCompile>
    <ClCompile Include="Interface_RainFTP.cpp">
      <Filter>FTP</Filter>
    </ClCompile>
  </ItemGroup>
  <ItemGroup>
    <ResourceCompile Include="MHAutoPatch.rc">
      <Filter>Source Files</Filter>
    </ResourceCompile>
  </ItemGroup>
  <ItemGroup>
    <ClInclude Include="BGMManager.h">
      <Filter>Header Files</Filter>
    </ClInclude>
    <ClInclude Include="HtmlViewNotice.h">
      <Filter>Header Files</Filter>
    </ClInclude>
    <ClInclude Include="MHAutoPatch.h">
      <Filter>Header Files</Filter>
    </ClInclude>
    <ClInclude Include="MHAutoPatchDefines.h">
      <Filter>Header Files</Filter>
    </ClInclude>
    <ClInclude Include="MHAutoPatchDlg.h">
      <Filter>Header Files</Filter>
    </ClInclude>
    <ClInclude Include="Resource.h">
      <Filter>Header Files</Filter>
    </ClInclude>
    <ClInclude Include="SkinProgressBar.h">
      <Filter>Header Files</Filter>
    </ClInclude>
    <ClInclude Include="SkinStatic.h">
      <Filter>Header Files</Filter>
    </ClInclude>
    <ClInclude Include="StdAfx.h">
      <Filter>Header Files</Filter>
    </ClInclude>
    <ClInclude Include="DirectoryName.h">
      <Filter>YHLibrary</Filter>
    </ClInclude>
    <ClInclude Include="FileName.h">
      <Filter>YHLibrary</Filter>
    </ClInclude>
    <ClInclude Include="Strclass.h">
      <Filter>YHLibrary</Filter>
    </ClInclude>
    <ClInclude Include="YHFileFind.h">
      <Filter>YHLibrary</Filter>
    </ClInclude>
    <ClInclude Include="Interface_RainFTP.h">
      <Filter>FTP</Filter>
    </ClInclude>
    <ClInclude Include="RainFTP_TypeDefine.h">
      <Filter>FTP</Filter>
    </ClInclude>
    <ClInclude Include="Audio\SoundLib.h">
      <Filter>Audio</Filter>
    </ClInclude>
  </ItemGroup>
  <ItemGroup>
    <None Include="res\AbilityBaseInfo.bin">
      <Filter>Resource Files</Filter>
    </None>
    <None Include="res\KyungGongInfo.bin">
      <Filter>Resource Files</Filter>
    </None>
    <None Include="res\MHAutoPatch.rc2">
      <Filter>Resource Files</Filter>
    </None>
  </ItemGroup>
  <ItemGroup>
    <Image Include="res\MHAutoPatch.ico">
      <Filter>Resource Files</Filter>
    </Image>
    <Image Include="res\patch-06.bmp">
      <Filter>Resource Files</Filter>
    </Image>
  </ItemGroup>
  <ItemGroup>
    <Library Include="Audio\SoundLib.lib">
      <Filter>Audio</Filter>
    </Library>
  </ItemGroup>
  <ItemGroup>
    <Text Include="ReadMe.txt" />
  </ItemGroup>
</Project>