
Microsoft Visual Studio Solution File, Format Version 12.00
# Visual Studio Version 18
VisualStudioVersion = 18.2.11415.280 d18.0
MinimumVisualStudioVersion = 10.0.40219.1
Project("{8BC9CEB8-8B4A-11D0-8D11-00A0C91BC942}") = "MapServer", "MapServer.vcxproj", "{2737D1A6-4EB0-4487-AB4E-872FE04C6C8F}"
EndProject
Global
	GlobalSection(SolutionConfigurationPlatforms) = preSolution
		Debug_CHINA|x86 = Debug_CHINA|x86
		Debug_Console|x86 = Debug_Console|x86
		Debug_HK|x86 = Debug_HK|x86
		Debug_JAPAN|x86 = Debug_JAPAN|x86
		Debug_TL|x86 = Debug_TL|x86
		Release|x86 = Release|x86
	EndGlobalSection
	GlobalSection(ProjectConfigurationPlatforms) = postSolution
		{2737D1A6-4EB0-4487-AB4E-872FE04C6C8F}.Debug_CHINA|x86.ActiveCfg = Debug_CHINA|Win32
		{2737D1A6-4EB0-4487-AB4E-872FE04C6C8F}.Debug_CHINA|x86.Build.0 = Debug_CHINA|Win32
		{2737D1A6-4EB0-4487-AB4E-872FE04C6C8F}.Debug_Console|x86.ActiveCfg = Debug_Console|Win32
		{2737D1A6-4EB0-4487-AB4E-872FE04C6C8F}.Debug_Console|x86.Build.0 = Debug_Console|Win32
		{2737D1A6-4EB0-4487-AB4E-872FE04C6C8F}.Debug_HK|x86.ActiveCfg = Debug_HK|Win32
		{2737D1A6-4EB0-4487-AB4E-872FE04C6C8F}.Debug_HK|x86.Build.0 = Debug_HK|Win32
		{2737D1A6-4EB0-4487-AB4E-872FE04C6C8F}.Debug_JAPAN|x86.ActiveCfg = Debug_JAPAN|Win32
		{2737D1A6-4EB0-4487-AB4E-872FE04C6C8F}.Debug_JAPAN|x86.Build.0 = Debug_JAPAN|Win32
		{2737D1A6-4EB0-4487-AB4E-872FE04C6C8F}.Debug_TL|x86.ActiveCfg = Debug_TL|Win32
		{2737D1A6-4EB0-4487-AB4E-872FE04C6C8F}.Debug_TL|x86.Build.0 = Debug_TL|Win32
		{2737D1A6-4EB0-4487-AB4E-872FE04C6C8F}.Release|x86.ActiveCfg = Release|Win32
		{2737D1A6-4EB0-4487-AB4E-872FE04C6C8F}.Release|x86.Build.0 = Release|Win32
	EndGlobalSection
	GlobalSection(SolutionProperties) = preSolution
		HideSolutionNode = FALSE
	EndGlobalSection
	GlobalSection(ExtensibilityGlobals) = postSolution
		SolutionGuid = {109E163B-4BEC-49F6-9ACD-F557029C8DF5}
	EndGlobalSection
EndGlobal
