<?xml version="1.0" encoding="utf-8"?>
<Project ToolsVersion="4.0" xmlns="http://schemas.microsoft.com/developer/msbuild/2003">
  <ItemGroup>
    <Filter Include="Source Files">
      <UniqueIdentifier>{ced3f418-c652-4d5a-a500-44469c49dc6f}</UniqueIdentifier>
      <Extensions>cpp;c;cxx;rc;def;r;odl;idl;hpj;bat</Extensions>
    </Filter>
    <Filter Include="Source Files\zlib_c">
      <UniqueIdentifier>{6d6bc85a-04be-4727-b4f0-4d794299d02d}</UniqueIdentifier>
    </Filter>
    <Filter Include="Header Files">
      <UniqueIdentifier>{a01c4214-cb58-4064-aedc-7e4646a0ebae}</UniqueIdentifier>
      <Extensions>h;hpp;hxx;hm;inl</Extensions>
    </Filter>
    <Filter Include="Header Files\zlib_h">
      <UniqueIdentifier>{b916dbb1-7213-4a2c-bafd-ad3135992e97}</UniqueIdentifier>
    </Filter>
    <Filter Include="Information">
      <UniqueIdentifier>{bb6a22a9-906a-46d2-8f38-e813428ff406}</UniqueIdentifier>
      <Extensions>txt</Extensions>
    </Filter>
  </ItemGroup>
  <ItemGroup>
    <ClCompile Include="stdafx.cpp">
      <Filter>Source Files</Filter>
    </ClCompile>
    <ClCompile Include="ZipArchive.cpp">
      <Filter>Source Files</Filter>
    </ClCompile>
    <ClCompile Include="ZipAutoBuffer.cpp">
      <Filter>Source Files</Filter>
    </ClCompile>
    <ClCompile Include="ZipCentralDir.cpp">
      <Filter>Source Files</Filter>
    </ClCompile>
    <ClCompile Include="ZipCompatibility.cpp">
      <Filter>Source Files</Filter>
    </ClCompile>
    <ClCompile Include="ZipException.cpp">
      <Filter>Source Files</Filter>
    </ClCompile>
    <ClCompile Include="ZipFile.cpp">
      <Filter>Source Files</Filter>
    </ClCompile>
    <ClCompile Include="ZipFileHeader.cpp">
      <Filter>Source Files</Filter>
    </ClCompile>
    <ClCompile Include="ZipMemFile.cpp">
      <Filter>Source Files</Filter>
    </ClCompile>
    <ClCompile Include="ZipPathComponent.cpp">
      <Filter>Source Files</Filter>
    </ClCompile>
    <ClCompile Include="ZipPlatform.cpp">
      <Filter>Source Files</Filter>
    </ClCompile>
    <ClCompile Include="ZipPlatformComm.cpp">
      <Filter>Source Files</Filter>
    </ClCompile>
    <ClCompile Include="ZipStorage.cpp">
      <Filter>Source Files</Filter>
    </ClCompile>
    <ClCompile Include="ZipString.cpp">
      <Filter>Source Files</Filter>
    </ClCompile>
    <ClCompile Include="zlib\adler32.c">
      <Filter>Source Files\zlib_c</Filter>
    </ClCompile>
    <ClCompile Include="zlib\compress.c">
      <Filter>Source Files\zlib_c</Filter>
    </ClCompile>
    <ClCompile Include="zlib\crc32.c">
      <Filter>Source Files\zlib_c</Filter>
    </ClCompile>
    <ClCompile Include="zlib\deflate.c">
      <Filter>Source Files\zlib_c</Filter>
    </ClCompile>
    <ClCompile Include="zlib\gvmat32c.c">
      <Filter>Source Files\zlib_c</Filter>
    </ClCompile>
    <ClCompile Include="zlib\infblock.c">
      <Filter>Source Files\zlib_c</Filter>
    </ClCompile>
    <ClCompile Include="zlib\infcodes.c">
      <Filter>Source Files\zlib_c</Filter>
    </ClCompile>
    <ClCompile Include="zlib\inffast.c">
      <Filter>Source Files\zlib_c</Filter>
    </ClCompile>
    <ClCompile Include="zlib\inflate.c">
      <Filter>Source Files\zlib_c</Filter>
    </ClCompile>
    <ClCompile Include="zlib\inftrees.c">
      <Filter>Source Files\zlib_c</Filter>
    </ClCompile>
    <ClCompile Include="zlib\infutil.c">
      <Filter>Source Files\zlib_c</Filter>
    </ClCompile>
    <ClCompile Include="zlib\maketree.c">
      <Filter>Source Files\zlib_c</Filter>
    </ClCompile>
    <ClCompile Include="zlib\trees.c">
      <Filter>Source Files\zlib_c</Filter>
    </ClCompile>
    <ClCompile Include="zlib\uncompr.c">
      <Filter>Source Files\zlib_c</Filter>
    </ClCompile>
    <ClCompile Include="zlib\zutil.c">
      <Filter>Source Files\zlib_c</Filter>
    </ClCompile>
  </ItemGroup>
  <ItemGroup>
    <ClInclude Include="stdafx.h">
      <Filter>Header Files</Filter>
    </ClInclude>
    <ClInclude Include="ZipAbstractFile.h">
      <Filter>Header Files</Filter>
    </ClInclude>
    <ClInclude Include="ZipArchive.h">
      <Filter>Header Files</Filter>
    </ClInclude>
    <ClInclude Include="ZipAutoBuffer.h">
      <Filter>Header Files</Filter>
    </ClInclude>
    <ClInclude Include="ZipBaseException.h">
      <Filter>Header Files</Filter>
    </ClInclude>
    <ClInclude Include="ZipCentralDir.h">
      <Filter>Header Files</Filter>
    </ClInclude>
    <ClInclude Include="ZipCollections.h">
      <Filter>Header Files</Filter>
    </ClInclude>
    <ClInclude Include="ZipCompatibility.h">
      <Filter>Header Files</Filter>
    </ClInclude>
    <ClInclude Include="ZipException.h">
      <Filter>Header Files</Filter>
    </ClInclude>
    <ClInclude Include="ZipExport.h">
      <Filter>Header Files</Filter>
    </ClInclude>
    <ClInclude Include="ZipFile.h">
      <Filter>Header Files</Filter>
    </ClInclude>
    <ClInclude Include="ZipFileHeader.h">
      <Filter>Header Files</Filter>
    </ClInclude>
    <ClInclude Include="ZipFileMapping.h">
      <Filter>Header Files</Filter>
    </ClInclude>
    <ClInclude Include="ZipMemFile.h">
      <Filter>Header Files</Filter>
    </ClInclude>
    <ClInclude Include="ZipPathComponent.h">
      <Filter>Header Files</Filter>
    </ClInclude>
    <ClInclude Include="ZipPlatform.h">
      <Filter>Header Files</Filter>
    </ClInclude>
    <ClInclude Include="ZipStorage.h">
      <Filter>Header Files</Filter>
    </ClInclude>
    <ClInclude Include="ZipString.h">
      <Filter>Header Files</Filter>
    </ClInclude>
    <ClInclude Include="zlib\deflate.h">
      <Filter>Header Files\zlib_h</Filter>
    </ClInclude>
    <ClInclude Include="zlib\infblock.h">
      <Filter>Header Files\zlib_h</Filter>
    </ClInclude>
    <ClInclude Include="zlib\infcodes.h">
      <Filter>Header Files\zlib_h</Filter>
    </ClInclude>
    <ClInclude Include="zlib\inffast.h">
      <Filter>Header Files\zlib_h</Filter>
    </ClInclude>
    <ClInclude Include="zlib\inffixed.h">
      <Filter>Header Files\zlib_h</Filter>
    </ClInclude>
    <ClInclude Include="zlib\inftrees.h">
      <Filter>Header Files\zlib_h</Filter>
    </ClInclude>
    <ClInclude Include="zlib\infutil.h">
      <Filter>Header Files\zlib_h</Filter>
    </ClInclude>
    <ClInclude Include="zlib\trees.h">
      <Filter>Header Files\zlib_h</Filter>
    </ClInclude>
    <ClInclude Include="zlib\zconf.h">
      <Filter>Header Files\zlib_h</Filter>
    </ClInclude>
    <ClInclude Include="zlib\zlib.h">
      <Filter>Header Files\zlib_h</Filter>
    </ClInclude>
    <ClInclude Include="zlib\zutil.h">
      <Filter>Header Files\zlib_h</Filter>
    </ClInclude>
  </ItemGroup>
  <ItemGroup>
    <Text Include="Appnote.txt">
      <Filter>Information</Filter>
    </Text>
    <Text Include="ChangeLog.txt">
      <Filter>Information</Filter>
    </Text>
    <Text Include="faq.txt">
      <Filter>Information</Filter>
    </Text>
    <Text Include="gpl.txt">
      <Filter>Information</Filter>
    </Text>
    <Text Include="License.txt">
      <Filter>Information</Filter>
    </Text>
    <Text Include="Readme.txt">
      <Filter>Information</Filter>
    </Text>
  </ItemGroup>
</Project>