Microsoft Visual Studio Solution File, Format Version 12.00
# Visual Studio Version 18
VisualStudioVersion = 18.2.11415.280 d18.0
MinimumVisualStudioVersion = 10.0.40219.1
Project("{8BC9CEB8-8B4A-11D0-8D11-00A0C91BC942}") = "HSEL", "HSEL.vcxproj", "{33CB1F1A-A354-47D2-80EA-31AAC8263A51}"
EndProject
Global
	GlobalSection(SolutionConfigurationPlatforms) = preSolution
		Debug|x86 = Debug|x86
		Release|x86 = Release|x86
	EndGlobalSection
	GlobalSection(ProjectConfigurationPlatforms) = postSolution
		{33CB1F1A-A354-47D2-80EA-31AAC8263A51}.Debug|x86.ActiveCfg = Debug|Win32
		{33CB1F1A-A354-47D2-80EA-31AAC8263A51}.Debug|x86.Build.0 = Debug|Win32
		{33CB1F1A-A354-47D2-80EA-31AAC8263A51}.Release|x86.ActiveCfg = Release|Win32
		{33CB1F1A-A354-47D2-80EA-31AAC8263A51}.Release|x86.Build.0 = Release|Win32
	EndGlobalSection
	GlobalSection(SolutionProperties) = preSolution
		HideSolutionNode = FALSE
	EndGlobalSection
	GlobalSection(ExtensibilityGlobals) = postSolution
		SolutionGuid = {F5AB537C-1E4C-4329-9C2B-F55251F381D5}
	EndGlobalSection
	GlobalSection(DPCodeReviewSolutionGUID) = preSolution
		DPCodeReviewSolutionGUID = {00000000-0000-0000-0000-000000000000}
	EndGlobalSection
EndGlobal
